
Microsoft Visual Studio Solution File, Format Version 12.00
# Visual Studio Version 16
VisualStudioVersion = 16.0.31515.178
MinimumVisualStudioVersion = 10.0.40219.1
Project("{FAE04EC0-301F-11D3-BF4B-00C04F79EFBC}") = "RakamlarinToplami", "RakamlarinToplami.csproj", "{12A642C1-8B8C-48C5-9E0D-BDD090F20CA6}"
EndProject
Global
	GlobalSection(SolutionConfigurationPlatforms) = preSolution
		Debug|Any CPU = Debug|Any CPU
		Release|Any CPU = Release|Any CPU
	EndGlobalSection
	GlobalSection(ProjectConfigurationPlatforms) = postSolution
		{12A642C1-8B8C-48C5-9E0D-BDD090F20CA6}.Debug|Any CPU.ActiveCfg = Debug|Any CPU
		{12A642C1-8B8C-48C5-9E0D-BDD090F20CA6}.Debug|Any CPU.Build.0 = Debug|Any CPU
		{12A642C1-8B8C-48C5-9E0D-BDD090F20CA6}.Release|Any CPU.ActiveCfg = Release|Any CPU
		{12A642C1-8B8C-48C5-9E0D-BDD090F20CA6}.Release|Any CPU.Build.0 = Release|Any CPU
	EndGlobalSection
	GlobalSection(SolutionProperties) = preSolution
		HideSolutionNode = FALSE
	EndGlobalSection
	GlobalSection(ExtensibilityGlobals) = postSolution
		SolutionGuid = {AC43F568-6BC9-44D4-BAFB-95E52D3D44B4}
	EndGlobalSection
EndGlobal
